{
    "requires": true,
    "lockfileVersion": 1,
    "dependencies": {
        "eslint-config-react-app": {
            "version": "2.1.0",
            "resolved": "http://registry.npm.taobao.org/eslint-config-react-app/download/eslint-config-react-app-2.1.0.tgz",
            "dev": true
        },
        "eslint-config-umi": {
            "version": "0.1.4",
            "resolved": "https://registry.npmjs.org/eslint-config-umi/-/eslint-config-umi-0.1.4.tgz",
            "integrity": "sha512-Ul0soIdKWKd3CdeRxkm/87G8n0TnFqS/aBmJGkLuAg0KBhV1Fpc5hZe1K8w3FUyV3VGDrYV2qQkYGmb3W7EBpA==",
            "dev": true,
            "requires": {
                "eslint-config-react-app": "2.1.0"
            }
        }
    }
}
